
Microsoft Visual Studio Solution File, Format Version 12.00
# Visual Studio Version 17
Project("{9A19103F-16F7-4668-BE54-9A1E7A4F7556}") = "Sutando.Cli", "src\Sutando.Cli\Sutando.Cli.csproj", "{B5DD37D6-1A82-4F8D-9C2E-3F2E8E5A8F71}"
EndProject
Project("{2150E333-8FDC-42A3-9474-1A3956D46DE8}") = "src", "src", "{827E0CD3-B72D-47B6-A68D-7590B98EB39B}"
EndProject
Project("{FAE04EC0-301F-11D3-BF4B-00C04F79EFBC}") = "Sutando.Workspace", "src\Sutando.Workspace\Sutando.Workspace.csproj", "{2FC4DEE0-4054-40DF-A6B9-8518E77D2CBE}"
EndProject
Project("{FAE04EC0-301F-11D3-BF4B-00C04F79EFBC}") = "Sutando.Bridge", "src\Sutando.Bridge\Sutando.Bridge.csproj", "{7DA0AF84-EF3A-4633-A684-8CB6BFF1D599}"
EndProject
Project("{FAE04EC0-301F-11D3-BF4B-00C04F79EFBC}") = "Sutando.Platform.Abstractions", "src\Sutando.Platform.Abstractions\Sutando.Platform.Abstractions.csproj", "{52F05854-9A64-4598-A83C-303836ECC7C1}"
EndProject
Project("{2150E333-8FDC-42A3-9474-1A3956D46DE8}") = "tests", "tests", "{0AB3BF05-4346-4AA6-1389-037BE0695223}"
EndProject
Project("{FAE04EC0-301F-11D3-BF4B-00C04F79EFBC}") = "Sutando.Tests", "tests\Sutando.Tests\Sutando.Tests.csproj", "{11BAE7B9-28C8-4B5D-BC74-A5F98C7AA8E4}"
EndProject
Project("{FAE04EC0-301F-11D3-BF4B-00C04F79EFBC}") = "Sutando.Core", "src\Sutando.Core\Sutando.Core.csproj", "{DC0D47D6-0A1A-4C70-8F64-239D257F6CDB}"
EndProject
Project("{FAE04EC0-301F-11D3-BF4B-00C04F79EFBC}") = "Sutando.Browser", "src\Sutando.Browser\Sutando.Browser.csproj", "{35D4345D-5EE2-4A38-9B45-AD59446C518C}"
EndProject
Project("{FAE04EC0-301F-11D3-BF4B-00C04F79EFBC}") = "Sutando.Channels.Cli", "src\Sutando.Channels.Cli\Sutando.Channels.Cli.csproj", "{9684D8DB-FBB7-4335-8FB1-F73B35AF84E4}"
EndProject
Project("{FAE04EC0-301F-11D3-BF4B-00C04F79EFBC}") = "Sutando.Platform.Windows", "src\Sutando.Platform.Windows\Sutando.Platform.Windows.csproj", "{0AF5D973-6698-43E0-8B0D-C4BC09486B7E}"
EndProject
Project("{FAE04EC0-301F-11D3-BF4B-00C04F79EFBC}") = "Sutando.Channels.Abstractions", "src\Sutando.Channels.Abstractions\Sutando.Channels.Abstractions.csproj", "{FF4A1010-1EA2-41B0-81D9-9F7AF0716297}"
EndProject
Project("{FAE04EC0-301F-11D3-BF4B-00C04F79EFBC}") = "Sutando.Skills", "src\Sutando.Skills\Sutando.Skills.csproj", "{D59E094E-8712-4BEB-8E37-56483C935E26}"
EndProject
Project("{FAE04EC0-301F-11D3-BF4B-00C04F79EFBC}") = "Sutando.Channels.Telegram", "src\Sutando.Channels.Telegram\Sutando.Channels.Telegram.csproj", "{DEF15845-CFCD-4B40-BE35-80F0664CF637}"
EndProject
Project("{FAE04EC0-301F-11D3-BF4B-00C04F79EFBC}") = "Sutando.Channels.Discord", "src\Sutando.Channels.Discord\Sutando.Channels.Discord.csproj", "{34E47DE4-B729-4397-85B8-CDB1FDCBF8E5}"
EndProject
Project("{FAE04EC0-301F-11D3-BF4B-00C04F79EFBC}") = "Sutando.Realtime", "src\Sutando.Realtime\Sutando.Realtime.csproj", "{87374525-991C-4CEB-9535-C1ECA4652824}"
EndProject
Project("{FAE04EC0-301F-11D3-BF4B-00C04F79EFBC}") = "Sutando.Api", "src\Sutando.Api\Sutando.Api.csproj", "{6326C03E-784B-4164-B12D-0F0F1BE7BD6F}"
EndProject
Project("{FAE04EC0-301F-11D3-BF4B-00C04F79EFBC}") = "Sutando.Dashboard", "src\Sutando.Dashboard\Sutando.Dashboard.csproj", "{F63591BC-6950-4338-B0FC-FFFD86499761}"
EndProject
Project("{FAE04EC0-301F-11D3-BF4B-00C04F79EFBC}") = "Sutando.Voice", "src\Sutando.Voice\Sutando.Voice.csproj", "{C8277E1F-C0FF-4A2C-BBBF-779398725374}"
EndProject
Project("{FAE04EC0-301F-11D3-BF4B-00C04F79EFBC}") = "Sutando.LocalInference.Abstractions", "src\Sutando.LocalInference.Abstractions\Sutando.LocalInference.Abstractions.csproj", "{61E2E16E-6FE1-41DA-BDFC-1C80B06D3FBF}"
EndProject
Project("{FAE04EC0-301F-11D3-BF4B-00C04F79EFBC}") = "Sutando.LocalInference.WhisperNet", "src\Sutando.LocalInference.WhisperNet\Sutando.LocalInference.WhisperNet.csproj", "{AFA64A72-F528-4F78-BC97-9EE290E1A130}"
EndProject
Project("{FAE04EC0-301F-11D3-BF4B-00C04F79EFBC}") = "Sutando.LocalInference.KokoroSharp", "src\Sutando.LocalInference.KokoroSharp\Sutando.LocalInference.KokoroSharp.csproj", "{A7017BDA-AC09-43D5-8C28-87A63E3B8679}"
EndProject
Project("{FAE04EC0-301F-11D3-BF4B-00C04F79EFBC}") = "Sutando.LocalInference.LlamaSharp", "src\Sutando.LocalInference.LlamaSharp\Sutando.LocalInference.LlamaSharp.csproj", "{BCEDD808-F7C7-461B-B361-082F78E05B92}"
EndProject
Project("{FAE04EC0-301F-11D3-BF4B-00C04F79EFBC}") = "Sutando.LocalInference.Silero", "src\Sutando.LocalInference.Silero\Sutando.LocalInference.Silero.csproj", "{3599DD4F-DA4D-48C0-ABCB-250EFEF7DCB9}"
EndProject
Project("{FAE04EC0-301F-11D3-BF4B-00C04F79EFBC}") = "Sutando.Phone", "src\Sutando.Phone\Sutando.Phone.csproj", "{CF25E268-07BF-4B2D-A4C0-953329CC21C3}"
EndProject
Project("{FAE04EC0-301F-11D3-BF4B-00C04F79EFBC}") = "Sutando.LocalInference.OpenAI", "src\Sutando.LocalInference.OpenAI\Sutando.LocalInference.OpenAI.csproj", "{E465810C-378E-4644-86E1-8E9A496B8ECE}"
EndProject
Project("{FAE04EC0-301F-11D3-BF4B-00C04F79EFBC}") = "Sutando.AppHost", "src\Sutando.AppHost\Sutando.AppHost.csproj", "{20D2FC87-9853-49E5-85EA-4C88F543869C}"
EndProject
Global
	GlobalSection(SolutionConfigurationPlatforms) = preSolution
		Debug|Any CPU = Debug|Any CPU
		Debug|x64 = Debug|x64
		Debug|x86 = Debug|x86
		Release|Any CPU = Release|Any CPU
		Release|x64 = Release|x64
		Release|x86 = Release|x86
	EndGlobalSection
	GlobalSection(ProjectConfigurationPlatforms) = postSolution
		{B5DD37D6-1A82-4F8D-9C2E-3F2E8E5A8F71}.Debug|Any CPU.ActiveCfg = Debug|Any CPU
		{B5DD37D6-1A82-4F8D-9C2E-3F2E8E5A8F71}.Debug|Any CPU.Build.0 = Debug|Any CPU
		{B5DD37D6-1A82-4F8D-9C2E-3F2E8E5A8F71}.Debug|x64.ActiveCfg = Debug|Any CPU
		{B5DD37D6-1A82-4F8D-9C2E-3F2E8E5A8F71}.Debug|x64.Build.0 = Debug|Any CPU
		{B5DD37D6-1A82-4F8D-9C2E-3F2E8E5A8F71}.Debug|x86.ActiveCfg = Debug|Any CPU
		{B5DD37D6-1A82-4F8D-9C2E-3F2E8E5A8F71}.Debug|x86.Build.0 = Debug|Any CPU
		{B5DD37D6-1A82-4F8D-9C2E-3F2E8E5A8F71}.Release|Any CPU.ActiveCfg = Release|Any CPU
		{B5DD37D6-1A82-4F8D-9C2E-3F2E8E5A8F71}.Release|Any CPU.Build.0 = Release|Any CPU
		{B5DD37D6-1A82-4F8D-9C2E-3F2E8E5A8F71}.Release|x64.ActiveCfg = Release|Any CPU
		{B5DD37D6-1A82-4F8D-9C2E-3F2E8E5A8F71}.Release|x64.Build.0 = Release|Any CPU
		{B5DD37D6-1A82-4F8D-9C2E-3F2E8E5A8F71}.Release|x86.ActiveCfg = Release|Any CPU
		{B5DD37D6-1A82-4F8D-9C2E-3F2E8E5A8F71}.Release|x86.Build.0 = Release|Any CPU
		{2FC4DEE0-4054-40DF-A6B9-8518E77D2CBE}.Debug|Any CPU.ActiveCfg = Debug|Any CPU
		{2FC4DEE0-4054-40DF-A6B9-8518E77D2CBE}.Debug|Any CPU.Build.0 = Debug|Any CPU
		{2FC4DEE0-4054-40DF-A6B9-8518E77D2CBE}.Debug|x64.ActiveCfg = Debug|Any CPU
		{2FC4DEE0-4054-40DF-A6B9-8518E77D2CBE}.Debug|x64.Build.0 = Debug|Any CPU
		{2FC4DEE0-4054-40DF-A6B9-8518E77D2CBE}.Debug|x86.ActiveCfg = Debug|Any CPU
		{2FC4DEE0-4054-40DF-A6B9-8518E77D2CBE}.Debug|x86.Build.0 = Debug|Any CPU
		{2FC4DEE0-4054-40DF-A6B9-8518E77D2CBE}.Release|Any CPU.ActiveCfg = Release|Any CPU
		{2FC4DEE0-4054-40DF-A6B9-8518E77D2CBE}.Release|Any CPU.Build.0 = Release|Any CPU
		{2FC4DEE0-4054-40DF-A6B9-8518E77D2CBE}.Release|x64.ActiveCfg = Release|Any CPU
		{2FC4DEE0-4054-40DF-A6B9-8518E77D2CBE}.Release|x64.Build.0 = Release|Any CPU
		{2FC4DEE0-4054-40DF-A6B9-8518E77D2CBE}.Release|x86.ActiveCfg = Release|Any CPU
		{2FC4DEE0-4054-40DF-A6B9-8518E77D2CBE}.Release|x86.Build.0 = Release|Any CPU
		{7DA0AF84-EF3A-4633-A684-8CB6BFF1D599}.Debug|Any CPU.ActiveCfg = Debug|Any CPU
		{7DA0AF84-EF3A-4633-A684-8CB6BFF1D599}.Debug|Any CPU.Build.0 = Debug|Any CPU
		{7DA0AF84-EF3A-4633-A684-8CB6BFF1D599}.Debug|x64.ActiveCfg = Debug|Any CPU
		{7DA0AF84-EF3A-4633-A684-8CB6BFF1D599}.Debug|x64.Build.0 = Debug|Any CPU
		{7DA0AF84-EF3A-4633-A684-8CB6BFF1D599}.Debug|x86.ActiveCfg = Debug|Any CPU
		{7DA0AF84-EF3A-4633-A684-8CB6BFF1D599}.Debug|x86.Build.0 = Debug|Any CPU
		{7DA0AF84-EF3A-4633-A684-8CB6BFF1D599}.Release|Any CPU.ActiveCfg = Release|Any CPU
		{7DA0AF84-EF3A-4633-A684-8CB6BFF1D599}.Release|Any CPU.Build.0 = Release|Any CPU
		{7DA0AF84-EF3A-4633-A684-8CB6BFF1D599}.Release|x64.ActiveCfg = Release|Any CPU
		{7DA0AF84-EF3A-4633-A684-8CB6BFF1D599}.Release|x64.Build.0 = Release|Any CPU
		{7DA0AF84-EF3A-4633-A684-8CB6BFF1D599}.Release|x86.ActiveCfg = Release|Any CPU
		{7DA0AF84-EF3A-4633-A684-8CB6BFF1D599}.Release|x86.Build.0 = Release|Any CPU
		{52F05854-9A64-4598-A83C-303836ECC7C1}.Debug|Any CPU.ActiveCfg = Debug|Any CPU
		{52F05854-9A64-4598-A83C-303836ECC7C1}.Debug|Any CPU.Build.0 = Debug|Any CPU
		{52F05854-9A64-4598-A83C-303836ECC7C1}.Debug|x64.ActiveCfg = Debug|Any CPU
		{52F05854-9A64-4598-A83C-303836ECC7C1}.Debug|x64.Build.0 = Debug|Any CPU
		{52F05854-9A64-4598-A83C-303836ECC7C1}.Debug|x86.ActiveCfg = Debug|Any CPU
		{52F05854-9A64-4598-A83C-303836ECC7C1}.Debug|x86.Build.0 = Debug|Any CPU
		{52F05854-9A64-4598-A83C-303836ECC7C1}.Release|Any CPU.ActiveCfg = Release|Any CPU
		{52F05854-9A64-4598-A83C-303836ECC7C1}.Release|Any CPU.Build.0 = Release|Any CPU
		{52F05854-9A64-4598-A83C-303836ECC7C1}.Release|x64.ActiveCfg = Release|Any CPU
		{52F05854-9A64-4598-A83C-303836ECC7C1}.Release|x64.Build.0 = Release|Any CPU
		{52F05854-9A64-4598-A83C-303836ECC7C1}.Release|x86.ActiveCfg = Release|Any CPU
		{52F05854-9A64-4598-A83C-303836ECC7C1}.Release|x86.Build.0 = Release|Any CPU
		{11BAE7B9-28C8-4B5D-BC74-A5F98C7AA8E4}.Debug|Any CPU.ActiveCfg = Debug|Any CPU
		{11BAE7B9-28C8-4B5D-BC74-A5F98C7AA8E4}.Debug|Any CPU.Build.0 = Debug|Any CPU
		{11BAE7B9-28C8-4B5D-BC74-A5F98C7AA8E4}.Debug|x64.ActiveCfg = Debug|Any CPU
		{11BAE7B9-28C8-4B5D-BC74-A5F98C7AA8E4}.Debug|x64.Build.0 = Debug|Any CPU
		{11BAE7B9-28C8-4B5D-BC74-A5F98C7AA8E4}.Debug|x86.ActiveCfg = Debug|Any CPU
		{11BAE7B9-28C8-4B5D-BC74-A5F98C7AA8E4}.Debug|x86.Build.0 = Debug|Any CPU
		{11BAE7B9-28C8-4B5D-BC74-A5F98C7AA8E4}.Release|Any CPU.ActiveCfg = Release|Any CPU
		{11BAE7B9-28C8-4B5D-BC74-A5F98C7AA8E4}.Release|Any CPU.Build.0 = Release|Any CPU
		{11BAE7B9-28C8-4B5D-BC74-A5F98C7AA8E4}.Release|x64.ActiveCfg = Release|Any CPU
		{11BAE7B9-28C8-4B5D-BC74-A5F98C7AA8E4}.Release|x64.Build.0 = Release|Any CPU
		{11BAE7B9-28C8-4B5D-BC74-A5F98C7AA8E4}.Release|x86.ActiveCfg = Release|Any CPU
		{11BAE7B9-28C8-4B5D-BC74-A5F98C7AA8E4}.Release|x86.Build.0 = Release|Any CPU
		{DC0D47D6-0A1A-4C70-8F64-239D257F6CDB}.Debug|Any CPU.ActiveCfg = Debug|Any CPU
		{DC0D47D6-0A1A-4C70-8F64-239D257F6CDB}.Debug|Any CPU.Build.0 = Debug|Any CPU
		{DC0D47D6-0A1A-4C70-8F64-239D257F6CDB}.Debug|x64.ActiveCfg = Debug|Any CPU
		{DC0D47D6-0A1A-4C70-8F64-239D257F6CDB}.Debug|x64.Build.0 = Debug|Any CPU
		{DC0D47D6-0A1A-4C70-8F64-239D257F6CDB}.Debug|x86.ActiveCfg = Debug|Any CPU
		{DC0D47D6-0A1A-4C70-8F64-239D257F6CDB}.Debug|x86.Build.0 = Debug|Any CPU
		{DC0D47D6-0A1A-4C70-8F64-239D257F6CDB}.Release|Any CPU.ActiveCfg = Release|Any CPU
		{DC0D47D6-0A1A-4C70-8F64-239D257F6CDB}.Release|Any CPU.Build.0 = Release|Any CPU
		{DC0D47D6-0A1A-4C70-8F64-239D257F6CDB}.Release|x64.ActiveCfg = Release|Any CPU
		{DC0D47D6-0A1A-4C70-8F64-239D257F6CDB}.Release|x64.Build.0 = Release|Any CPU
		{DC0D47D6-0A1A-4C70-8F64-239D257F6CDB}.Release|x86.ActiveCfg = Release|Any CPU
		{DC0D47D6-0A1A-4C70-8F64-239D257F6CDB}.Release|x86.Build.0 = Release|Any CPU
		{35D4345D-5EE2-4A38-9B45-AD59446C518C}.Debug|Any CPU.ActiveCfg = Debug|Any CPU
		{35D4345D-5EE2-4A38-9B45-AD59446C518C}.Debug|Any CPU.Build.0 = Debug|Any CPU
		{35D4345D-5EE2-4A38-9B45-AD59446C518C}.Debug|x64.ActiveCfg = Debug|Any CPU
		{35D4345D-5EE2-4A38-9B45-AD59446C518C}.Debug|x64.Build.0 = Debug|Any CPU
		{35D4345D-5EE2-4A38-9B45-AD59446C518C}.Debug|x86.ActiveCfg = Debug|Any CPU
		{35D4345D-5EE2-4A38-9B45-AD59446C518C}.Debug|x86.Build.0 = Debug|Any CPU
		{35D4345D-5EE2-4A38-9B45-AD59446C518C}.Release|Any CPU.ActiveCfg = Release|Any CPU
		{35D4345D-5EE2-4A38-9B45-AD59446C518C}.Release|Any CPU.Build.0 = Release|Any CPU
		{35D4345D-5EE2-4A38-9B45-AD59446C518C}.Release|x64.ActiveCfg = Release|Any CPU
		{35D4345D-5EE2-4A38-9B45-AD59446C518C}.Release|x64.Build.0 = Release|Any CPU
		{35D4345D-5EE2-4A38-9B45-AD59446C518C}.Release|x86.ActiveCfg = Release|Any CPU
		{35D4345D-5EE2-4A38-9B45-AD59446C518C}.Release|x86.Build.0 = Release|Any CPU
		{9684D8DB-FBB7-4335-8FB1-F73B35AF84E4}.Debug|Any CPU.ActiveCfg = Debug|Any CPU
		{9684D8DB-FBB7-4335-8FB1-F73B35AF84E4}.Debug|Any CPU.Build.0 = Debug|Any CPU
		{9684D8DB-FBB7-4335-8FB1-F73B35AF84E4}.Debug|x64.ActiveCfg = Debug|Any CPU
		{9684D8DB-FBB7-4335-8FB1-F73B35AF84E4}.Debug|x64.Build.0 = Debug|Any CPU
		{9684D8DB-FBB7-4335-8FB1-F73B35AF84E4}.Debug|x86.ActiveCfg = Debug|Any CPU
		{9684D8DB-FBB7-4335-8FB1-F73B35AF84E4}.Debug|x86.Build.0 = Debug|Any CPU
		{9684D8DB-FBB7-4335-8FB1-F73B35AF84E4}.Release|Any CPU.ActiveCfg = Release|Any CPU
		{9684D8DB-FBB7-4335-8FB1-F73B35AF84E4}.Release|Any CPU.Build.0 = Release|Any CPU
		{9684D8DB-FBB7-4335-8FB1-F73B35AF84E4}.Release|x64.ActiveCfg = Release|Any CPU
		{9684D8DB-FBB7-4335-8FB1-F73B35AF84E4}.Release|x64.Build.0 = Release|Any CPU
		{9684D8DB-FBB7-4335-8FB1-F73B35AF84E4}.Release|x86.ActiveCfg = Release|Any CPU
		{9684D8DB-FBB7-4335-8FB1-F73B35AF84E4}.Release|x86.Build.0 = Release|Any CPU
		{0AF5D973-6698-43E0-8B0D-C4BC09486B7E}.Debug|Any CPU.ActiveCfg = Debug|Any CPU
		{0AF5D973-6698-43E0-8B0D-C4BC09486B7E}.Debug|Any CPU.Build.0 = Debug|Any CPU
		{0AF5D973-6698-43E0-8B0D-C4BC09486B7E}.Debug|x64.ActiveCfg = Debug|Any CPU
		{0AF5D973-6698-43E0-8B0D-C4BC09486B7E}.Debug|x64.Build.0 = Debug|Any CPU
		{0AF5D973-6698-43E0-8B0D-C4BC09486B7E}.Debug|x86.ActiveCfg = Debug|Any CPU
		{0AF5D973-6698-43E0-8B0D-C4BC09486B7E}.Debug|x86.Build.0 = Debug|Any CPU
		{0AF5D973-6698-43E0-8B0D-C4BC09486B7E}.Release|Any CPU.ActiveCfg = Release|Any CPU
		{0AF5D973-6698-43E0-8B0D-C4BC09486B7E}.Release|Any CPU.Build.0 = Release|Any CPU
		{0AF5D973-6698-43E0-8B0D-C4BC09486B7E}.Release|x64.ActiveCfg = Release|Any CPU
		{0AF5D973-6698-43E0-8B0D-C4BC09486B7E}.Release|x64.Build.0 = Release|Any CPU
		{0AF5D973-6698-43E0-8B0D-C4BC09486B7E}.Release|x86.ActiveCfg = Release|Any CPU
		{0AF5D973-6698-43E0-8B0D-C4BC09486B7E}.Release|x86.Build.0 = Release|Any CPU
		{FF4A1010-1EA2-41B0-81D9-9F7AF0716297}.Debug|Any CPU.ActiveCfg = Debug|Any CPU
		{FF4A1010-1EA2-41B0-81D9-9F7AF0716297}.Debug|Any CPU.Build.0 = Debug|Any CPU
		{FF4A1010-1EA2-41B0-81D9-9F7AF0716297}.Debug|x64.ActiveCfg = Debug|Any CPU
		{FF4A1010-1EA2-41B0-81D9-9F7AF0716297}.Debug|x64.Build.0 = Debug|Any CPU
		{FF4A1010-1EA2-41B0-81D9-9F7AF0716297}.Debug|x86.ActiveCfg = Debug|Any CPU
		{FF4A1010-1EA2-41B0-81D9-9F7AF0716297}.Debug|x86.Build.0 = Debug|Any CPU
		{FF4A1010-1EA2-41B0-81D9-9F7AF0716297}.Release|Any CPU.ActiveCfg = Release|Any CPU
		{FF4A1010-1EA2-41B0-81D9-9F7AF0716297}.Release|Any CPU.Build.0 = Release|Any CPU
		{FF4A1010-1EA2-41B0-81D9-9F7AF0716297}.Release|x64.ActiveCfg = Release|Any CPU
		{FF4A1010-1EA2-41B0-81D9-9F7AF0716297}.Release|x64.Build.0 = Release|Any CPU
		{FF4A1010-1EA2-41B0-81D9-9F7AF0716297}.Release|x86.ActiveCfg = Release|Any CPU
		{FF4A1010-1EA2-41B0-81D9-9F7AF0716297}.Release|x86.Build.0 = Release|Any CPU
		{D59E094E-8712-4BEB-8E37-56483C935E26}.Debug|Any CPU.ActiveCfg = Debug|Any CPU
		{D59E094E-8712-4BEB-8E37-56483C935E26}.Debug|Any CPU.Build.0 = Debug|Any CPU
		{D59E094E-8712-4BEB-8E37-56483C935E26}.Debug|x64.ActiveCfg = Debug|Any CPU
		{D59E094E-8712-4BEB-8E37-56483C935E26}.Debug|x64.Build.0 = Debug|Any CPU
		{D59E094E-8712-4BEB-8E37-56483C935E26}.Debug|x86.ActiveCfg = Debug|Any CPU
		{D59E094E-8712-4BEB-8E37-56483C935E26}.Debug|x86.Build.0 = Debug|Any CPU
		{D59E094E-8712-4BEB-8E37-56483C935E26}.Release|Any CPU.ActiveCfg = Release|Any CPU
		{D59E094E-8712-4BEB-8E37-56483C935E26}.Release|Any CPU.Build.0 = Release|Any CPU
		{D59E094E-8712-4BEB-8E37-56483C935E26}.Release|x64.ActiveCfg = Release|Any CPU
		{D59E094E-8712-4BEB-8E37-56483C935E26}.Release|x64.Build.0 = Release|Any CPU
		{D59E094E-8712-4BEB-8E37-56483C935E26}.Release|x86.ActiveCfg = Release|Any CPU
		{D59E094E-8712-4BEB-8E37-56483C935E26}.Release|x86.Build.0 = Release|Any CPU
		{DEF15845-CFCD-4B40-BE35-80F0664CF637}.Debug|Any CPU.ActiveCfg = Debug|Any CPU
		{DEF15845-CFCD-4B40-BE35-80F0664CF637}.Debug|Any CPU.Build.0 = Debug|Any CPU
		{DEF15845-CFCD-4B40-BE35-80F0664CF637}.Debug|x64.ActiveCfg = Debug|Any CPU
		{DEF15845-CFCD-4B40-BE35-80F0664CF637}.Debug|x64.Build.0 = Debug|Any CPU
		{DEF15845-CFCD-4B40-BE35-80F0664CF637}.Debug|x86.ActiveCfg = Debug|Any CPU
		{DEF15845-CFCD-4B40-BE35-80F0664CF637}.Debug|x86.Build.0 = Debug|Any CPU
		{DEF15845-CFCD-4B40-BE35-80F0664CF637}.Release|Any CPU.ActiveCfg = Release|Any CPU
		{DEF15845-CFCD-4B40-BE35-80F0664CF637}.Release|Any CPU.Build.0 = Release|Any CPU
		{DEF15845-CFCD-4B40-BE35-80F0664CF637}.Release|x64.ActiveCfg = Release|Any CPU
		{DEF15845-CFCD-4B40-BE35-80F0664CF637}.Release|x64.Build.0 = Release|Any CPU
		{DEF15845-CFCD-4B40-BE35-80F0664CF637}.Release|x86.ActiveCfg = Release|Any CPU
		{DEF15845-CFCD-4B40-BE35-80F0664CF637}.Release|x86.Build.0 = Release|Any CPU
		{34E47DE4-B729-4397-85B8-CDB1FDCBF8E5}.Debug|Any CPU.ActiveCfg = Debug|Any CPU
		{34E47DE4-B729-4397-85B8-CDB1FDCBF8E5}.Debug|Any CPU.Build.0 = Debug|Any CPU
		{34E47DE4-B729-4397-85B8-CDB1FDCBF8E5}.Debug|x64.ActiveCfg = Debug|Any CPU
		{34E47DE4-B729-4397-85B8-CDB1FDCBF8E5}.Debug|x64.Build.0 = Debug|Any CPU
		{34E47DE4-B729-4397-85B8-CDB1FDCBF8E5}.Debug|x86.ActiveCfg = Debug|Any CPU
		{34E47DE4-B729-4397-85B8-CDB1FDCBF8E5}.Debug|x86.Build.0 = Debug|Any CPU
		{34E47DE4-B729-4397-85B8-CDB1FDCBF8E5}.Release|Any CPU.ActiveCfg = Release|Any CPU
		{34E47DE4-B729-4397-85B8-CDB1FDCBF8E5}.Release|Any CPU.Build.0 = Release|Any CPU
		{34E47DE4-B729-4397-85B8-CDB1FDCBF8E5}.Release|x64.ActiveCfg = Release|Any CPU
		{34E47DE4-B729-4397-85B8-CDB1FDCBF8E5}.Release|x64.Build.0 = Release|Any CPU
		{34E47DE4-B729-4397-85B8-CDB1FDCBF8E5}.Release|x86.ActiveCfg = Release|Any CPU
		{34E47DE4-B729-4397-85B8-CDB1FDCBF8E5}.Release|x86.Build.0 = Release|Any CPU
		{87374525-991C-4CEB-9535-C1ECA4652824}.Debug|Any CPU.ActiveCfg = Debug|Any CPU
		{87374525-991C-4CEB-9535-C1ECA4652824}.Debug|Any CPU.Build.0 = Debug|Any CPU
		{87374525-991C-4CEB-9535-C1ECA4652824}.Debug|x64.ActiveCfg = Debug|Any CPU
		{87374525-991C-4CEB-9535-C1ECA4652824}.Debug|x64.Build.0 = Debug|Any CPU
		{87374525-991C-4CEB-9535-C1ECA4652824}.Debug|x86.ActiveCfg = Debug|Any CPU
		{87374525-991C-4CEB-9535-C1ECA4652824}.Debug|x86.Build.0 = Debug|Any CPU
		{87374525-991C-4CEB-9535-C1ECA4652824}.Release|Any CPU.ActiveCfg = Release|Any CPU
		{87374525-991C-4CEB-9535-C1ECA4652824}.Release|Any CPU.Build.0 = Release|Any CPU
		{87374525-991C-4CEB-9535-C1ECA4652824}.Release|x64.ActiveCfg = Release|Any CPU
		{87374525-991C-4CEB-9535-C1ECA4652824}.Release|x64.Build.0 = Release|Any CPU
		{87374525-991C-4CEB-9535-C1ECA4652824}.Release|x86.ActiveCfg = Release|Any CPU
		{87374525-991C-4CEB-9535-C1ECA4652824}.Release|x86.Build.0 = Release|Any CPU
		{6326C03E-784B-4164-B12D-0F0F1BE7BD6F}.Debug|Any CPU.ActiveCfg = Debug|Any CPU
		{6326C03E-784B-4164-B12D-0F0F1BE7BD6F}.Debug|Any CPU.Build.0 = Debug|Any CPU
		{6326C03E-784B-4164-B12D-0F0F1BE7BD6F}.Debug|x64.ActiveCfg = Debug|Any CPU
		{6326C03E-784B-4164-B12D-0F0F1BE7BD6F}.Debug|x64.Build.0 = Debug|Any CPU
		{6326C03E-784B-4164-B12D-0F0F1BE7BD6F}.Debug|x86.ActiveCfg = Debug|Any CPU
		{6326C03E-784B-4164-B12D-0F0F1BE7BD6F}.Debug|x86.Build.0 = Debug|Any CPU
		{6326C03E-784B-4164-B12D-0F0F1BE7BD6F}.Release|Any CPU.ActiveCfg = Release|Any CPU
		{6326C03E-784B-4164-B12D-0F0F1BE7BD6F}.Release|Any CPU.Build.0 = Release|Any CPU
		{6326C03E-784B-4164-B12D-0F0F1BE7BD6F}.Release|x64.ActiveCfg = Release|Any CPU
		{6326C03E-784B-4164-B12D-0F0F1BE7BD6F}.Release|x64.Build.0 = Release|Any CPU
		{6326C03E-784B-4164-B12D-0F0F1BE7BD6F}.Release|x86.ActiveCfg = Release|Any CPU
		{6326C03E-784B-4164-B12D-0F0F1BE7BD6F}.Release|x86.Build.0 = Release|Any CPU
		{F63591BC-6950-4338-B0FC-FFFD86499761}.Debug|Any CPU.ActiveCfg = Debug|Any CPU
		{F63591BC-6950-4338-B0FC-FFFD86499761}.Debug|Any CPU.Build.0 = Debug|Any CPU
		{F63591BC-6950-4338-B0FC-FFFD86499761}.Debug|x64.ActiveCfg = Debug|Any CPU
		{F63591BC-6950-4338-B0FC-FFFD86499761}.Debug|x64.Build.0 = Debug|Any CPU
		{F63591BC-6950-4338-B0FC-FFFD86499761}.Debug|x86.ActiveCfg = Debug|Any CPU
		{F63591BC-6950-4338-B0FC-FFFD86499761}.Debug|x86.Build.0 = Debug|Any CPU
		{F63591BC-6950-4338-B0FC-FFFD86499761}.Release|Any CPU.ActiveCfg = Release|Any CPU
		{F63591BC-6950-4338-B0FC-FFFD86499761}.Release|Any CPU.Build.0 = Release|Any CPU
		{F63591BC-6950-4338-B0FC-FFFD86499761}.Release|x64.ActiveCfg = Release|Any CPU
		{F63591BC-6950-4338-B0FC-FFFD86499761}.Release|x64.Build.0 = Release|Any CPU
		{F63591BC-6950-4338-B0FC-FFFD86499761}.Release|x86.ActiveCfg = Release|Any CPU
		{F63591BC-6950-4338-B0FC-FFFD86499761}.Release|x86.Build.0 = Release|Any CPU
		{C8277E1F-C0FF-4A2C-BBBF-779398725374}.Debug|Any CPU.ActiveCfg = Debug|Any CPU
		{C8277E1F-C0FF-4A2C-BBBF-779398725374}.Debug|Any CPU.Build.0 = Debug|Any CPU
		{C8277E1F-C0FF-4A2C-BBBF-779398725374}.Debug|x64.ActiveCfg = Debug|Any CPU
		{C8277E1F-C0FF-4A2C-BBBF-779398725374}.Debug|x64.Build.0 = Debug|Any CPU
		{C8277E1F-C0FF-4A2C-BBBF-779398725374}.Debug|x86.ActiveCfg = Debug|Any CPU
		{C8277E1F-C0FF-4A2C-BBBF-779398725374}.Debug|x86.Build.0 = Debug|Any CPU
		{C8277E1F-C0FF-4A2C-BBBF-779398725374}.Release|Any CPU.ActiveCfg = Release|Any CPU
		{C8277E1F-C0FF-4A2C-BBBF-779398725374}.Release|Any CPU.Build.0 = Release|Any CPU
		{C8277E1F-C0FF-4A2C-BBBF-779398725374}.Release|x64.ActiveCfg = Release|Any CPU
		{C8277E1F-C0FF-4A2C-BBBF-779398725374}.Release|x64.Build.0 = Release|Any CPU
		{C8277E1F-C0FF-4A2C-BBBF-779398725374}.Release|x86.ActiveCfg = Release|Any CPU
		{C8277E1F-C0FF-4A2C-BBBF-779398725374}.Release|x86.Build.0 = Release|Any CPU
		{61E2E16E-6FE1-41DA-BDFC-1C80B06D3FBF}.Debug|Any CPU.ActiveCfg = Debug|Any CPU
		{61E2E16E-6FE1-41DA-BDFC-1C80B06D3FBF}.Debug|Any CPU.Build.0 = Debug|Any CPU
		{61E2E16E-6FE1-41DA-BDFC-1C80B06D3FBF}.Debug|x64.ActiveCfg = Debug|Any CPU
		{61E2E16E-6FE1-41DA-BDFC-1C80B06D3FBF}.Debug|x64.Build.0 = Debug|Any CPU
		{61E2E16E-6FE1-41DA-BDFC-1C80B06D3FBF}.Debug|x86.ActiveCfg = Debug|Any CPU
		{61E2E16E-6FE1-41DA-BDFC-1C80B06D3FBF}.Debug|x86.Build.0 = Debug|Any CPU
		{61E2E16E-6FE1-41DA-BDFC-1C80B06D3FBF}.Release|Any CPU.ActiveCfg = Release|Any CPU
		{61E2E16E-6FE1-41DA-BDFC-1C80B06D3FBF}.Release|Any CPU.Build.0 = Release|Any CPU
		{61E2E16E-6FE1-41DA-BDFC-1C80B06D3FBF}.Release|x64.ActiveCfg = Release|Any CPU
		{61E2E16E-6FE1-41DA-BDFC-1C80B06D3FBF}.Release|x64.Build.0 = Release|Any CPU
		{61E2E16E-6FE1-41DA-BDFC-1C80B06D3FBF}.Release|x86.ActiveCfg = Release|Any CPU
		{61E2E16E-6FE1-41DA-BDFC-1C80B06D3FBF}.Release|x86.Build.0 = Release|Any CPU
		{AFA64A72-F528-4F78-BC97-9EE290E1A130}.Debug|Any CPU.ActiveCfg = Debug|Any CPU
		{AFA64A72-F528-4F78-BC97-9EE290E1A130}.Debug|Any CPU.Build.0 = Debug|Any CPU
		{AFA64A72-F528-4F78-BC97-9EE290E1A130}.Debug|x64.ActiveCfg = Debug|Any CPU
		{AFA64A72-F528-4F78-BC97-9EE290E1A130}.Debug|x64.Build.0 = Debug|Any CPU
		{AFA64A72-F528-4F78-BC97-9EE290E1A130}.Debug|x86.ActiveCfg = Debug|Any CPU
		{AFA64A72-F528-4F78-BC97-9EE290E1A130}.Debug|x86.Build.0 = Debug|Any CPU
		{AFA64A72-F528-4F78-BC97-9EE290E1A130}.Release|Any CPU.ActiveCfg = Release|Any CPU
		{AFA64A72-F528-4F78-BC97-9EE290E1A130}.Release|Any CPU.Build.0 = Release|Any CPU
		{AFA64A72-F528-4F78-BC97-9EE290E1A130}.Release|x64.ActiveCfg = Release|Any CPU
		{AFA64A72-F528-4F78-BC97-9EE290E1A130}.Release|x64.Build.0 = Release|Any CPU
		{AFA64A72-F528-4F78-BC97-9EE290E1A130}.Release|x86.ActiveCfg = Release|Any CPU
		{AFA64A72-F528-4F78-BC97-9EE290E1A130}.Release|x86.Build.0 = Release|Any CPU
		{A7017BDA-AC09-43D5-8C28-87A63E3B8679}.Debug|Any CPU.ActiveCfg = Debug|Any CPU
		{A7017BDA-AC09-43D5-8C28-87A63E3B8679}.Debug|Any CPU.Build.0 = Debug|Any CPU
		{A7017BDA-AC09-43D5-8C28-87A63E3B8679}.Debug|x64.ActiveCfg = Debug|Any CPU
		{A7017BDA-AC09-43D5-8C28-87A63E3B8679}.Debug|x64.Build.0 = Debug|Any CPU
		{A7017BDA-AC09-43D5-8C28-87A63E3B8679}.Debug|x86.ActiveCfg = Debug|Any CPU
		{A7017BDA-AC09-43D5-8C28-87A63E3B8679}.Debug|x86.Build.0 = Debug|Any CPU
		{A7017BDA-AC09-43D5-8C28-87A63E3B8679}.Release|Any CPU.ActiveCfg = Release|Any CPU
		{A7017BDA-AC09-43D5-8C28-87A63E3B8679}.Release|Any CPU.Build.0 = Release|Any CPU
		{A7017BDA-AC09-43D5-8C28-87A63E3B8679}.Release|x64.ActiveCfg = Release|Any CPU
		{A7017BDA-AC09-43D5-8C28-87A63E3B8679}.Release|x64.Build.0 = Release|Any CPU
		{A7017BDA-AC09-43D5-8C28-87A63E3B8679}.Release|x86.ActiveCfg = Release|Any CPU
		{A7017BDA-AC09-43D5-8C28-87A63E3B8679}.Release|x86.Build.0 = Release|Any CPU
		{BCEDD808-F7C7-461B-B361-082F78E05B92}.Debug|Any CPU.ActiveCfg = Debug|Any CPU
		{BCEDD808-F7C7-461B-B361-082F78E05B92}.Debug|Any CPU.Build.0 = Debug|Any CPU
		{BCEDD808-F7C7-461B-B361-082F78E05B92}.Debug|x64.ActiveCfg = Debug|Any CPU
		{BCEDD808-F7C7-461B-B361-082F78E05B92}.Debug|x64.Build.0 = Debug|Any CPU
		{BCEDD808-F7C7-461B-B361-082F78E05B92}.Debug|x86.ActiveCfg = Debug|Any CPU
		{BCEDD808-F7C7-461B-B361-082F78E05B92}.Debug|x86.Build.0 = Debug|Any CPU
		{BCEDD808-F7C7-461B-B361-082F78E05B92}.Release|Any CPU.ActiveCfg = Release|Any CPU
		{BCEDD808-F7C7-461B-B361-082F78E05B92}.Release|Any CPU.Build.0 = Release|Any CPU
		{BCEDD808-F7C7-461B-B361-082F78E05B92}.Release|x64.ActiveCfg = Release|Any CPU
		{BCEDD808-F7C7-461B-B361-082F78E05B92}.Release|x64.Build.0 = Release|Any CPU
		{BCEDD808-F7C7-461B-B361-082F78E05B92}.Release|x86.ActiveCfg = Release|Any CPU
		{BCEDD808-F7C7-461B-B361-082F78E05B92}.Release|x86.Build.0 = Release|Any CPU
		{3599DD4F-DA4D-48C0-ABCB-250EFEF7DCB9}.Debug|Any CPU.ActiveCfg = Debug|Any CPU
		{3599DD4F-DA4D-48C0-ABCB-250EFEF7DCB9}.Debug|Any CPU.Build.0 = Debug|Any CPU
		{3599DD4F-DA4D-48C0-ABCB-250EFEF7DCB9}.Debug|x64.ActiveCfg = Debug|Any CPU
		{3599DD4F-DA4D-48C0-ABCB-250EFEF7DCB9}.Debug|x64.Build.0 = Debug|Any CPU
		{3599DD4F-DA4D-48C0-ABCB-250EFEF7DCB9}.Debug|x86.ActiveCfg = Debug|Any CPU
		{3599DD4F-DA4D-48C0-ABCB-250EFEF7DCB9}.Debug|x86.Build.0 = Debug|Any CPU
		{3599DD4F-DA4D-48C0-ABCB-250EFEF7DCB9}.Release|Any CPU.ActiveCfg = Release|Any CPU
		{3599DD4F-DA4D-48C0-ABCB-250EFEF7DCB9}.Release|Any CPU.Build.0 = Release|Any CPU
		{3599DD4F-DA4D-48C0-ABCB-250EFEF7DCB9}.Release|x64.ActiveCfg = Release|Any CPU
		{3599DD4F-DA4D-48C0-ABCB-250EFEF7DCB9}.Release|x64.Build.0 = Release|Any CPU
		{3599DD4F-DA4D-48C0-ABCB-250EFEF7DCB9}.Release|x86.ActiveCfg = Release|Any CPU
		{3599DD4F-DA4D-48C0-ABCB-250EFEF7DCB9}.Release|x86.Build.0 = Release|Any CPU
		{CF25E268-07BF-4B2D-A4C0-953329CC21C3}.Debug|Any CPU.ActiveCfg = Debug|Any CPU
		{CF25E268-07BF-4B2D-A4C0-953329CC21C3}.Debug|Any CPU.Build.0 = Debug|Any CPU
		{CF25E268-07BF-4B2D-A4C0-953329CC21C3}.Debug|x64.ActiveCfg = Debug|Any CPU
		{CF25E268-07BF-4B2D-A4C0-953329CC21C3}.Debug|x64.Build.0 = Debug|Any CPU
		{CF25E268-07BF-4B2D-A4C0-953329CC21C3}.Debug|x86.ActiveCfg = Debug|Any CPU
		{CF25E268-07BF-4B2D-A4C0-953329CC21C3}.Debug|x86.Build.0 = Debug|Any CPU
		{CF25E268-07BF-4B2D-A4C0-953329CC21C3}.Release|Any CPU.ActiveCfg = Release|Any CPU
		{CF25E268-07BF-4B2D-A4C0-953329CC21C3}.Release|Any CPU.Build.0 = Release|Any CPU
		{CF25E268-07BF-4B2D-A4C0-953329CC21C3}.Release|x64.ActiveCfg = Release|Any CPU
		{CF25E268-07BF-4B2D-A4C0-953329CC21C3}.Release|x64.Build.0 = Release|Any CPU
		{CF25E268-07BF-4B2D-A4C0-953329CC21C3}.Release|x86.ActiveCfg = Release|Any CPU
		{CF25E268-07BF-4B2D-A4C0-953329CC21C3}.Release|x86.Build.0 = Release|Any CPU
		{E465810C-378E-4644-86E1-8E9A496B8ECE}.Debug|Any CPU.ActiveCfg = Debug|Any CPU
		{E465810C-378E-4644-86E1-8E9A496B8ECE}.Debug|Any CPU.Build.0 = Debug|Any CPU
		{E465810C-378E-4644-86E1-8E9A496B8ECE}.Debug|x64.ActiveCfg = Debug|Any CPU
		{E465810C-378E-4644-86E1-8E9A496B8ECE}.Debug|x64.Build.0 = Debug|Any CPU
		{E465810C-378E-4644-86E1-8E9A496B8ECE}.Debug|x86.ActiveCfg = Debug|Any CPU
		{E465810C-378E-4644-86E1-8E9A496B8ECE}.Debug|x86.Build.0 = Debug|Any CPU
		{E465810C-378E-4644-86E1-8E9A496B8ECE}.Release|Any CPU.ActiveCfg = Release|Any CPU
		{E465810C-378E-4644-86E1-8E9A496B8ECE}.Release|Any CPU.Build.0 = Release|Any CPU
		{E465810C-378E-4644-86E1-8E9A496B8ECE}.Release|x64.ActiveCfg = Release|Any CPU
		{E465810C-378E-4644-86E1-8E9A496B8ECE}.Release|x64.Build.0 = Release|Any CPU
		{E465810C-378E-4644-86E1-8E9A496B8ECE}.Release|x86.ActiveCfg = Release|Any CPU
		{E465810C-378E-4644-86E1-8E9A496B8ECE}.Release|x86.Build.0 = Release|Any CPU
		{20D2FC87-9853-49E5-85EA-4C88F543869C}.Debug|Any CPU.ActiveCfg = Debug|Any CPU
		{20D2FC87-9853-49E5-85EA-4C88F543869C}.Debug|Any CPU.Build.0 = Debug|Any CPU
		{20D2FC87-9853-49E5-85EA-4C88F543869C}.Debug|x64.ActiveCfg = Debug|Any CPU
		{20D2FC87-9853-49E5-85EA-4C88F543869C}.Debug|x64.Build.0 = Debug|Any CPU
		{20D2FC87-9853-49E5-85EA-4C88F543869C}.Debug|x86.ActiveCfg = Debug|Any CPU
		{20D2FC87-9853-49E5-85EA-4C88F543869C}.Debug|x86.Build.0 = Debug|Any CPU
		{20D2FC87-9853-49E5-85EA-4C88F543869C}.Release|Any CPU.ActiveCfg = Release|Any CPU
		{20D2FC87-9853-49E5-85EA-4C88F543869C}.Release|Any CPU.Build.0 = Release|Any CPU
		{20D2FC87-9853-49E5-85EA-4C88F543869C}.Release|x64.ActiveCfg = Release|Any CPU
		{20D2FC87-9853-49E5-85EA-4C88F543869C}.Release|x64.Build.0 = Release|Any CPU
		{20D2FC87-9853-49E5-85EA-4C88F543869C}.Release|x86.ActiveCfg = Release|Any CPU
		{20D2FC87-9853-49E5-85EA-4C88F543869C}.Release|x86.Build.0 = Release|Any CPU
	EndGlobalSection
	GlobalSection(SolutionProperties) = preSolution
		HideSolutionNode = FALSE
	EndGlobalSection
	GlobalSection(NestedProjects) = preSolution
		{2FC4DEE0-4054-40DF-A6B9-8518E77D2CBE} = {827E0CD3-B72D-47B6-A68D-7590B98EB39B}
		{7DA0AF84-EF3A-4633-A684-8CB6BFF1D599} = {827E0CD3-B72D-47B6-A68D-7590B98EB39B}
		{52F05854-9A64-4598-A83C-303836ECC7C1} = {827E0CD3-B72D-47B6-A68D-7590B98EB39B}
		{11BAE7B9-28C8-4B5D-BC74-A5F98C7AA8E4} = {0AB3BF05-4346-4AA6-1389-037BE0695223}
		{DC0D47D6-0A1A-4C70-8F64-239D257F6CDB} = {827E0CD3-B72D-47B6-A68D-7590B98EB39B}
		{35D4345D-5EE2-4A38-9B45-AD59446C518C} = {827E0CD3-B72D-47B6-A68D-7590B98EB39B}
		{9684D8DB-FBB7-4335-8FB1-F73B35AF84E4} = {827E0CD3-B72D-47B6-A68D-7590B98EB39B}
		{0AF5D973-6698-43E0-8B0D-C4BC09486B7E} = {827E0CD3-B72D-47B6-A68D-7590B98EB39B}
		{FF4A1010-1EA2-41B0-81D9-9F7AF0716297} = {827E0CD3-B72D-47B6-A68D-7590B98EB39B}
		{D59E094E-8712-4BEB-8E37-56483C935E26} = {827E0CD3-B72D-47B6-A68D-7590B98EB39B}
		{DEF15845-CFCD-4B40-BE35-80F0664CF637} = {827E0CD3-B72D-47B6-A68D-7590B98EB39B}
		{34E47DE4-B729-4397-85B8-CDB1FDCBF8E5} = {827E0CD3-B72D-47B6-A68D-7590B98EB39B}
		{87374525-991C-4CEB-9535-C1ECA4652824} = {827E0CD3-B72D-47B6-A68D-7590B98EB39B}
		{6326C03E-784B-4164-B12D-0F0F1BE7BD6F} = {827E0CD3-B72D-47B6-A68D-7590B98EB39B}
		{F63591BC-6950-4338-B0FC-FFFD86499761} = {827E0CD3-B72D-47B6-A68D-7590B98EB39B}
		{C8277E1F-C0FF-4A2C-BBBF-779398725374} = {827E0CD3-B72D-47B6-A68D-7590B98EB39B}
		{61E2E16E-6FE1-41DA-BDFC-1C80B06D3FBF} = {827E0CD3-B72D-47B6-A68D-7590B98EB39B}
		{AFA64A72-F528-4F78-BC97-9EE290E1A130} = {827E0CD3-B72D-47B6-A68D-7590B98EB39B}
		{A7017BDA-AC09-43D5-8C28-87A63E3B8679} = {827E0CD3-B72D-47B6-A68D-7590B98EB39B}
		{BCEDD808-F7C7-461B-B361-082F78E05B92} = {827E0CD3-B72D-47B6-A68D-7590B98EB39B}
		{3599DD4F-DA4D-48C0-ABCB-250EFEF7DCB9} = {827E0CD3-B72D-47B6-A68D-7590B98EB39B}
		{CF25E268-07BF-4B2D-A4C0-953329CC21C3} = {827E0CD3-B72D-47B6-A68D-7590B98EB39B}
		{E465810C-378E-4644-86E1-8E9A496B8ECE} = {827E0CD3-B72D-47B6-A68D-7590B98EB39B}
		{20D2FC87-9853-49E5-85EA-4C88F543869C} = {827E0CD3-B72D-47B6-A68D-7590B98EB39B}
	EndGlobalSection
EndGlobal
